
Microsoft Visual Studio Solution File, Format Version 12.00
# Visual Studio Version 16
VisualStudioVersion = 16.0.32002.261
MinimumVisualStudioVersion = 10.0.40219.1
Project("{8BC9CEB8-8B4A-11D0-8D11-00A0C91BC942}") = "GitSample", "GitSample.vcxproj", "{C4E0FB41-A0A4-4699-98B2-B8AB6C0ACD49}"
EndProject
Global
	GlobalSection(SolutionConfigurationPlatforms) = preSolution
		Debug|x64 = Debug|x64
		Debug|x86 = Debug|x86
		Release|x64 = Release|x64
		Release|x86 = Release|x86
	EndGlobalSection
	GlobalSection(ProjectConfigurationPlatforms) = postSolution
		{C4E0FB41-A0A4-4699-98B2-B8AB6C0ACD49}.Debug|x64.ActiveCfg = Debug|x64
		{C4E0FB41-A0A4-4699-98B2-B8AB6C0ACD49}.Debug|x64.Build.0 = Debug|x64
		{C4E0FB41-A0A4-4699-98B2-B8AB6C0ACD49}.Debug|x86.ActiveCfg = Debug|Win32
		{C4E0FB41-A0A4-4699-98B2-B8AB6C0ACD49}.Debug|x86.Build.0 = Debug|Win32
		{C4E0FB41-A0A4-4699-98B2-B8AB6C0ACD49}.Release|x64.ActiveCfg = Release|x64
		{C4E0FB41-A0A4-4699-98B2-B8AB6C0ACD49}.Release|x64.Build.0 = Release|x64
		{C4E0FB41-A0A4-4699-98B2-B8AB6C0ACD49}.Release|x86.ActiveCfg = Release|Win32
		{C4E0FB41-A0A4-4699-98B2-B8AB6C0ACD49}.Release|x86.Build.0 = Release|Win32
	EndGlobalSection
	GlobalSection(SolutionProperties) = preSolution
		HideSolutionNode = FALSE
	EndGlobalSection
	GlobalSection(ExtensibilityGlobals) = postSolution
		SolutionGuid = {9278FE3F-0984-4DFC-8F6E-8ED3BC309788}
	EndGlobalSection
EndGlobal
